
Microsoft Visual Studio Solution File, Format Version 12.00
# Visual Studio Version 16
VisualStudioVersion = 16.0.30309.148
MinimumVisualStudioVersion = 10.0.40219.1
Project("{FAE04EC0-301F-11D3-BF4B-00C04F79EFBC}") = "ComputerCamp", "ComputerCamp\ComputerCamp.csproj", "{591D3E4F-9BC4-44DD-AF3D-5DDEF392C2A5}"
EndProject
Global
	GlobalSection(SolutionConfigurationPlatforms) = preSolution
		Debug|Any CPU = Debug|Any CPU
		Release|Any CPU = Release|Any CPU
	EndGlobalSection
	GlobalSection(ProjectConfigurationPlatforms) = postSolution
		{591D3E4F-9BC4-44DD-AF3D-5DDEF392C2A5}.Debug|Any CPU.ActiveCfg = Debug|Any CPU
		{591D3E4F-9BC4-44DD-AF3D-5DDEF392C2A5}.Debug|Any CPU.Build.0 = Debug|Any CPU
		{591D3E4F-9BC4-44DD-AF3D-5DDEF392C2A5}.Release|Any CPU.ActiveCfg = Release|Any CPU
		{591D3E4F-9BC4-44DD-AF3D-5DDEF392C2A5}.Release|Any CPU.Build.0 = Release|Any CPU
	EndGlobalSection
	GlobalSection(SolutionProperties) = preSolution
		HideSolutionNode = FALSE
	EndGlobalSection
	GlobalSection(ExtensibilityGlobals) = postSolution
		SolutionGuid = {D9CB8DAA-0C83-413A-A517-EF2893381757}
	EndGlobalSection
EndGlobal
